
Microsoft Visual Studio Solution File, Format Version 12.00
# Visual Studio Version 17
VisualStudioVersion = 17.7.34202.233
MinimumVisualStudioVersion = 10.0.40219.1
Project("{FAE04EC0-301F-11D3-BF4B-00C04F79EFBC}") = "BlinkId.Apple", "BlinkId.Apple\BlinkId.Apple.csproj", "{B0B2AF86-8758-463E-BEDF-1D329E36B443}"
EndProject
Global
	GlobalSection(SolutionConfigurationPlatforms) = preSolution
		Debug|Any CPU = Debug|Any CPU
		Release|Any CPU = Release|Any CPU
	EndGlobalSection
	GlobalSection(ProjectConfigurationPlatforms) = postSolution
		{B0B2AF86-8758-463E-BEDF-1D329E36B443}.Debug|Any CPU.ActiveCfg = Debug|Any CPU
		{B0B2AF86-8758-463E-BEDF-1D329E36B443}.Debug|Any CPU.Build.0 = Debug|Any CPU
		{B0B2AF86-8758-463E-BEDF-1D329E36B443}.Release|Any CPU.ActiveCfg = Release|Any CPU
		{B0B2AF86-8758-463E-BEDF-1D329E36B443}.Release|Any CPU.Build.0 = Release|Any CPU
	EndGlobalSection
	GlobalSection(SolutionProperties) = preSolution
		HideSolutionNode = FALSE
	EndGlobalSection
	GlobalSection(ExtensibilityGlobals) = postSolution
		SolutionGuid = {BE7D8AD1-F262-4E55-9428-CCC401B071CD}
	EndGlobalSection
EndGlobal
